
Microsoft Visual Studio Solution File, Format Version 12.00
# Visual Studio Version 17
VisualStudioVersion = 17.0.31903.59
MinimumVisualStudioVersion = 10.0.40219.1
Project("{FAE04EC0-301F-11D3-BF4B-00C04F79EFBC}") = "01-Browser-Back-Button", "01-Queue-Stack\01-Browser-Back-Button\01-Browser-Back-Button.csproj", "{DB1EB131-5965-43BF-885A-C901673C1A15}"
EndProject
Project("{2150E333-8FDC-42A3-9474-1A3956D46DE8}") = "01-Queue-Stack", "01-Queue-Stack", "{02EA681E-C7D8-13C7-8484-4AC65E1B71E8}"
	ProjectSection(SolutionItems) = preProject
		01-Queue-Stack\README.md = 01-Queue-Stack\README.md
	EndProjectSection
EndProject
Project("{FAE04EC0-301F-11D3-BF4B-00C04F79EFBC}") = "02-Convert-Decimal-To-Binary", "01-Queue-Stack\02-Convert-Decimal-To-Binary\02-Convert-Decimal-To-Binary.csproj", "{ABC1E4A1-D2B0-4BF9-AFC0-9A960027ABCF}"
EndProject
Project("{FAE04EC0-301F-11D3-BF4B-00C04F79EFBC}") = "03-Undo-Operations-in-a-Calculator", "01-Queue-Stack\03-Undo-Operations-in-a-Calculator\03-Undo-Operations-in-a-Calculator.csproj", "{8B7E2B1E-43B9-49E6-802B-89167A25E6B9}"
EndProject
Project("{FAE04EC0-301F-11D3-BF4B-00C04F79EFBC}") = "04-Printer-Job-Scheduling", "01-Queue-Stack\04-Printer-Job-Scheduling\04-Printer-Job-Scheduling.csproj", "{BD8AF3B1-B6A7-4586-9E68-01433888589D}"
EndProject
Project("{FAE04EC0-301F-11D3-BF4B-00C04F79EFBC}") = "05-Traffic-Signal-System-Simulation", "01-Queue-Stack\05-Traffic-Signal-System-Simulation\05-Traffic-Signal-System-Simulation.csproj", "{99CE70B8-BDBE-4638-ACA7-1F99C56EA646}"
EndProject
Project("{FAE04EC0-301F-11D3-BF4B-00C04F79EFBC}") = "06-Ticketing-System-Simulation", "01-Queue-Stack\06-Ticketing-System-Simulation\06-Ticketing-System-Simulation.csproj", "{CDC90C6B-E112-41EA-A349-2FE4A9A674B4}"
EndProject
Project("{FAE04EC0-301F-11D3-BF4B-00C04F79EFBC}") = "07-Simple-Backtracking", "01-Queue-Stack\07-Simple-Backtracking\07-Simple-Backtracking.csproj", "{6C7A87E9-A553-4B2C-A956-7FBC96AF68BB}"
EndProject
Project("{FAE04EC0-301F-11D3-BF4B-00C04F79EFBC}") = "08-Task-Scheduling", "01-Queue-Stack\08-Task-Scheduling\08-Task-Scheduling.csproj", "{934D0119-1269-4798-AD16-4F2EC8166543}"
EndProject
Project("{FAE04EC0-301F-11D3-BF4B-00C04F79EFBC}") = "09-Customer-Service", "01-Queue-Stack\09-Customer-Service\09-Customer-Service.csproj", "{A776FC46-1D5D-45D7-AF50-5DBAA1BEA340}"
EndProject
Project("{FAE04EC0-301F-11D3-BF4B-00C04F79EFBC}") = "10-Web-Page-Request-Handling", "01-Queue-Stack\10-Web-Page-Request-Handling\10-Web-Page-Request-Handling.csproj", "{91D29208-01E5-4449-A52D-AA6B39DDBD3A}"
EndProject
Project("{FAE04EC0-301F-11D3-BF4B-00C04F79EFBC}") = "11-Reverse-a-Queue", "01-Queue-Stack\11-Reverse-a-Queue\11-Reverse-a-Queue.csproj", "{0C5233A3-7B58-4E4F-B4D5-77269ECBCC36}"
EndProject
Project("{FAE04EC0-301F-11D3-BF4B-00C04F79EFBC}") = "12-Palindrome-Queue", "01-Queue-Stack\12-Palindrome-Queue\12-Palindrome-Queue.csproj", "{DA4A2F9E-746C-46A8-9588-1A17428AA2F0}"
EndProject
Project("{FAE04EC0-301F-11D3-BF4B-00C04F79EFBC}") = "13-Generate-Binary-Numbers", "01-Queue-Stack\13-Generate-Binary-Numbers\13-Generate-Binary-Numbers.csproj", "{F17D1E7C-14E0-4F05-AAEC-0C99035CE212}"
EndProject
Project("{FAE04EC0-301F-11D3-BF4B-00C04F79EFBC}") = "14-Sort-a-Queue", "01-Queue-Stack\14-Sort-a-Queue\14-Sort-a-Queue.csproj", "{C123D6DB-958D-45E6-8D9F-BA50E47EAFA9}"
EndProject
Project("{FAE04EC0-301F-11D3-BF4B-00C04F79EFBC}") = "15-Interleave-Queue-Elements", "01-Queue-Stack\15-Interleave-Queue-Elements\15-Interleave-Queue-Elements.csproj", "{EC5A0A86-74B1-4AE3-B327-AA831D3FFD21}"
EndProject
Project("{FAE04EC0-301F-11D3-BF4B-00C04F79EFBC}") = "16-Rotate-a-Queue", "01-Queue-Stack\16-Rotate-a-Queue\16-Rotate-a-Queue.csproj", "{DC53E642-95D1-4F7B-8D55-8ED00616CD57}"
EndProject
Project("{FAE04EC0-301F-11D3-BF4B-00C04F79EFBC}") = "17-Merge-Two-Sorted-Queues", "01-Queue-Stack\17-Merge-Two-Sorted-Queues\17-Merge-Two-Sorted-Queues.csproj", "{042EDEFB-4D83-43D2-8F0E-EC8B0910879E}"
EndProject
Project("{FAE04EC0-301F-11D3-BF4B-00C04F79EFBC}") = "18-First-Non-Repeating-Character-in-a-Stream", "01-Queue-Stack\18-First-Non-Repeating-Character-in-a-Stream\18-First-Non-Repeating-Character-in-a-Stream.csproj", "{AE70B80E-6603-42F3-9276-CD9AEA3F5829}"
EndProject
Project("{FAE04EC0-301F-11D3-BF4B-00C04F79EFBC}") = "19-Queue-Using-Two-Stacks", "01-Queue-Stack\19-Queue-Using-Two-Stacks\19-Queue-Using-Two-Stacks.csproj", "{46C40AD1-DA46-43B5-B6B9-84D46F4DA64F}"
EndProject
Project("{FAE04EC0-301F-11D3-BF4B-00C04F79EFBC}") = "20-Rearrange-Queue-Alternately", "01-Queue-Stack\20-Rearrange-Queue-Alternately\20-Rearrange-Queue-Alternately.csproj", "{3DC52916-4725-4682-8876-D4720EEE3315}"
EndProject
Project("{FAE04EC0-301F-11D3-BF4B-00C04F79EFBC}") = "21-Implement-a-Priority-Queue", "01-Queue-Stack\21-Implement-a-Priority-Queue\21-Implement-a-Priority-Queue.csproj", "{0CA56B5F-4E69-4EEF-8C6A-0522FA498E80}"
EndProject
Project("{FAE04EC0-301F-11D3-BF4B-00C04F79EFBC}") = "22-Rearrange-Even-and-Odd-Elements", "01-Queue-Stack\22-Rearrange-Even-and-Odd-Elements\22-Rearrange-Even-and-Odd-Elements.csproj", "{1B02B99F-1231-4D6B-9C01-2A4272E7C5F0}"
EndProject
Project("{FAE04EC0-301F-11D3-BF4B-00C04F79EFBC}") = "23-Clone-a-Queue-Without-Extra-Space", "01-Queue-Stack\23-Clone-a-Queue-Without-Extra-Space\23-Clone-a-Queue-Without-Extra-Space.csproj", "{4A97BDAE-78EA-409D-B42C-3D1BCD8989FE}"
EndProject
Project("{FAE04EC0-301F-11D3-BF4B-00C04F79EFBC}") = "24-Find-Middle-Element-in-a-Queue", "01-Queue-Stack\24-Find-Middle-Element-in-a-Queue\24-Find-Middle-Element-in-a-Queue.csproj", "{77988B64-D396-49DF-BE6C-DFFD695730FB}"
EndProject
Project("{FAE04EC0-301F-11D3-BF4B-00C04F79EFBC}") = "25-Reverse-a-String", "01-Queue-Stack\25-Reverse-a-String\25-Reverse-a-String.csproj", "{3DA3488D-F4BF-44B7-BEC3-6F95152FE99D}"
EndProject
Project("{FAE04EC0-301F-11D3-BF4B-00C04F79EFBC}") = "26-Check-Balanced-Parentheses", "01-Queue-Stack\26-Check-Balanced-Parentheses\26-Check-Balanced-Parentheses.csproj", "{E0386A1F-56F4-407A-BA1D-02CE2BB8E404}"
EndProject
Project("{FAE04EC0-301F-11D3-BF4B-00C04F79EFBC}") = "27-Check-palindrome-using-Stack", "01-Queue-Stack\27-Check-palindrome-using-Stack\27-Check-palindrome-using-Stack.csproj", "{EF9907EF-A0DD-40B7-8A29-006C8FE2CA95}"
EndProject
Project("{FAE04EC0-301F-11D3-BF4B-00C04F79EFBC}") = "28-Evaluate-Postfix-Expression", "01-Queue-Stack\28-Evaluate-Postfix-Expression\28-Evaluate-Postfix-Expression.csproj", "{9B4FF844-4FD7-45F4-B21A-A3AF766ABA50}"
EndProject
Project("{FAE04EC0-301F-11D3-BF4B-00C04F79EFBC}") = "29-Basic-Calculator", "01-Queue-Stack\29-Basic-Calculator\29-Basic-Calculator.csproj", "{4CD57098-F0DE-4F1E-97F5-F888D1E50E3C}"
EndProject
Project("{FAE04EC0-301F-11D3-BF4B-00C04F79EFBC}") = "30-Remove-Invalid-Parentheses", "01-Queue-Stack\30-Remove-Invalid-Parentheses\30-Remove-Invalid-Parentheses.csproj", "{605EB37A-BCD0-432B-9879-EB1AAB812D12}"
EndProject
Project("{2150E333-8FDC-42A3-9474-1A3956D46DE8}") = "Solution Items", "Solution Items", "{8EC462FD-D22E-90A8-E5CE-7E832BA40C5D}"
	ProjectSection(SolutionItems) = preProject
		README.md = README.md
	EndProjectSection
EndProject
Project("{2150E333-8FDC-42A3-9474-1A3956D46DE8}") = "02-Dictionary-HashSet", "02-Dictionary-HashSet", "{AE79AE8C-1BF9-4852-981E-D982B8601CD8}"
EndProject
Project("{FAE04EC0-301F-11D3-BF4B-00C04F79EFBC}") = "01-Store-Retrieve-Student-Grades", "02-Dictionary-HashSet\01-Store-Retrieve-Student-Grades\01-Store-Retrieve-Student-Grades.csproj", "{419BFDAC-53A5-44C0-A0AA-0DF0198AA764}"
EndProject
Global
	GlobalSection(SolutionConfigurationPlatforms) = preSolution
		Debug|Any CPU = Debug|Any CPU
		Release|Any CPU = Release|Any CPU
	EndGlobalSection
	GlobalSection(ProjectConfigurationPlatforms) = postSolution
		{DB1EB131-5965-43BF-885A-C901673C1A15}.Debug|Any CPU.ActiveCfg = Debug|Any CPU
		{DB1EB131-5965-43BF-885A-C901673C1A15}.Debug|Any CPU.Build.0 = Debug|Any CPU
		{DB1EB131-5965-43BF-885A-C901673C1A15}.Release|Any CPU.ActiveCfg = Release|Any CPU
		{DB1EB131-5965-43BF-885A-C901673C1A15}.Release|Any CPU.Build.0 = Release|Any CPU
		{ABC1E4A1-D2B0-4BF9-AFC0-9A960027ABCF}.Debug|Any CPU.ActiveCfg = Debug|Any CPU
		{ABC1E4A1-D2B0-4BF9-AFC0-9A960027ABCF}.Debug|Any CPU.Build.0 = Debug|Any CPU
		{ABC1E4A1-D2B0-4BF9-AFC0-9A960027ABCF}.Release|Any CPU.ActiveCfg = Release|Any CPU
		{ABC1E4A1-D2B0-4BF9-AFC0-9A960027ABCF}.Release|Any CPU.Build.0 = Release|Any CPU
		{8B7E2B1E-43B9-49E6-802B-89167A25E6B9}.Debug|Any CPU.ActiveCfg = Debug|Any CPU
		{8B7E2B1E-43B9-49E6-802B-89167A25E6B9}.Debug|Any CPU.Build.0 = Debug|Any CPU
		{8B7E2B1E-43B9-49E6-802B-89167A25E6B9}.Release|Any CPU.ActiveCfg = Release|Any CPU
		{8B7E2B1E-43B9-49E6-802B-89167A25E6B9}.Release|Any CPU.Build.0 = Release|Any CPU
		{BD8AF3B1-B6A7-4586-9E68-01433888589D}.Debug|Any CPU.ActiveCfg = Debug|Any CPU
		{BD8AF3B1-B6A7-4586-9E68-01433888589D}.Debug|Any CPU.Build.0 = Debug|Any CPU
		{BD8AF3B1-B6A7-4586-9E68-01433888589D}.Release|Any CPU.ActiveCfg = Release|Any CPU
		{BD8AF3B1-B6A7-4586-9E68-01433888589D}.Release|Any CPU.Build.0 = Release|Any CPU
		{99CE70B8-BDBE-4638-ACA7-1F99C56EA646}.Debug|Any CPU.ActiveCfg = Debug|Any CPU
		{99CE70B8-BDBE-4638-ACA7-1F99C56EA646}.Debug|Any CPU.Build.0 = Debug|Any CPU
		{99CE70B8-BDBE-4638-ACA7-1F99C56EA646}.Release|Any CPU.ActiveCfg = Release|Any CPU
		{99CE70B8-BDBE-4638-ACA7-1F99C56EA646}.Release|Any CPU.Build.0 = Release|Any CPU
		{CDC90C6B-E112-41EA-A349-2FE4A9A674B4}.Debug|Any CPU.ActiveCfg = Debug|Any CPU
		{CDC90C6B-E112-41EA-A349-2FE4A9A674B4}.Debug|Any CPU.Build.0 = Debug|Any CPU
		{CDC90C6B-E112-41EA-A349-2FE4A9A674B4}.Release|Any CPU.ActiveCfg = Release|Any CPU
		{CDC90C6B-E112-41EA-A349-2FE4A9A674B4}.Release|Any CPU.Build.0 = Release|Any CPU
		{6C7A87E9-A553-4B2C-A956-7FBC96AF68BB}.Debug|Any CPU.ActiveCfg = Debug|Any CPU
		{6C7A87E9-A553-4B2C-A956-7FBC96AF68BB}.Debug|Any CPU.Build.0 = Debug|Any CPU
		{6C7A87E9-A553-4B2C-A956-7FBC96AF68BB}.Release|Any CPU.ActiveCfg = Release|Any CPU
		{6C7A87E9-A553-4B2C-A956-7FBC96AF68BB}.Release|Any CPU.Build.0 = Release|Any CPU
		{934D0119-1269-4798-AD16-4F2EC8166543}.Debug|Any CPU.ActiveCfg = Debug|Any CPU
		{934D0119-1269-4798-AD16-4F2EC8166543}.Debug|Any CPU.Build.0 = Debug|Any CPU
		{934D0119-1269-4798-AD16-4F2EC8166543}.Release|Any CPU.ActiveCfg = Release|Any CPU
		{934D0119-1269-4798-AD16-4F2EC8166543}.Release|Any CPU.Build.0 = Release|Any CPU
		{A776FC46-1D5D-45D7-AF50-5DBAA1BEA340}.Debug|Any CPU.ActiveCfg = Debug|Any CPU
		{A776FC46-1D5D-45D7-AF50-5DBAA1BEA340}.Debug|Any CPU.Build.0 = Debug|Any CPU
		{A776FC46-1D5D-45D7-AF50-5DBAA1BEA340}.Release|Any CPU.ActiveCfg = Release|Any CPU
		{A776FC46-1D5D-45D7-AF50-5DBAA1BEA340}.Release|Any CPU.Build.0 = Release|Any CPU
		{91D29208-01E5-4449-A52D-AA6B39DDBD3A}.Debug|Any CPU.ActiveCfg = Debug|Any CPU
		{91D29208-01E5-4449-A52D-AA6B39DDBD3A}.Debug|Any CPU.Build.0 = Debug|Any CPU
		{91D29208-01E5-4449-A52D-AA6B39DDBD3A}.Release|Any CPU.ActiveCfg = Release|Any CPU
		{91D29208-01E5-4449-A52D-AA6B39DDBD3A}.Release|Any CPU.Build.0 = Release|Any CPU
		{0C5233A3-7B58-4E4F-B4D5-77269ECBCC36}.Debug|Any CPU.ActiveCfg = Debug|Any CPU
		{0C5233A3-7B58-4E4F-B4D5-77269ECBCC36}.Debug|Any CPU.Build.0 = Debug|Any CPU
		{0C5233A3-7B58-4E4F-B4D5-77269ECBCC36}.Release|Any CPU.ActiveCfg = Release|Any CPU
		{0C5233A3-7B58-4E4F-B4D5-77269ECBCC36}.Release|Any CPU.Build.0 = Release|Any CPU
		{DA4A2F9E-746C-46A8-9588-1A17428AA2F0}.Debug|Any CPU.ActiveCfg = Debug|Any CPU
		{DA4A2F9E-746C-46A8-9588-1A17428AA2F0}.Debug|Any CPU.Build.0 = Debug|Any CPU
		{DA4A2F9E-746C-46A8-9588-1A17428AA2F0}.Release|Any CPU.ActiveCfg = Release|Any CPU
		{DA4A2F9E-746C-46A8-9588-1A17428AA2F0}.Release|Any CPU.Build.0 = Release|Any CPU
		{F17D1E7C-14E0-4F05-AAEC-0C99035CE212}.Debug|Any CPU.ActiveCfg = Debug|Any CPU
		{F17D1E7C-14E0-4F05-AAEC-0C99035CE212}.Debug|Any CPU.Build.0 = Debug|Any CPU
		{F17D1E7C-14E0-4F05-AAEC-0C99035CE212}.Release|Any CPU.ActiveCfg = Release|Any CPU
		{F17D1E7C-14E0-4F05-AAEC-0C99035CE212}.Release|Any CPU.Build.0 = Release|Any CPU
		{C123D6DB-958D-45E6-8D9F-BA50E47EAFA9}.Debug|Any CPU.ActiveCfg = Debug|Any CPU
		{C123D6DB-958D-45E6-8D9F-BA50E47EAFA9}.Debug|Any CPU.Build.0 = Debug|Any CPU
		{C123D6DB-958D-45E6-8D9F-BA50E47EAFA9}.Release|Any CPU.ActiveCfg = Release|Any CPU
		{C123D6DB-958D-45E6-8D9F-BA50E47EAFA9}.Release|Any CPU.Build.0 = Release|Any CPU
		{EC5A0A86-74B1-4AE3-B327-AA831D3FFD21}.Debug|Any CPU.ActiveCfg = Debug|Any CPU
		{EC5A0A86-74B1-4AE3-B327-AA831D3FFD21}.Debug|Any CPU.Build.0 = Debug|Any CPU
		{EC5A0A86-74B1-4AE3-B327-AA831D3FFD21}.Release|Any CPU.ActiveCfg = Release|Any CPU
		{EC5A0A86-74B1-4AE3-B327-AA831D3FFD21}.Release|Any CPU.Build.0 = Release|Any CPU
		{DC53E642-95D1-4F7B-8D55-8ED00616CD57}.Debug|Any CPU.ActiveCfg = Debug|Any CPU
		{DC53E642-95D1-4F7B-8D55-8ED00616CD57}.Debug|Any CPU.Build.0 = Debug|Any CPU
		{DC53E642-95D1-4F7B-8D55-8ED00616CD57}.Release|Any CPU.ActiveCfg = Release|Any CPU
		{DC53E642-95D1-4F7B-8D55-8ED00616CD57}.Release|Any CPU.Build.0 = Release|Any CPU
		{042EDEFB-4D83-43D2-8F0E-EC8B0910879E}.Debug|Any CPU.ActiveCfg = Debug|Any CPU
		{042EDEFB-4D83-43D2-8F0E-EC8B0910879E}.Debug|Any CPU.Build.0 = Debug|Any CPU
		{042EDEFB-4D83-43D2-8F0E-EC8B0910879E}.Release|Any CPU.ActiveCfg = Release|Any CPU
		{042EDEFB-4D83-43D2-8F0E-EC8B0910879E}.Release|Any CPU.Build.0 = Release|Any CPU
		{AE70B80E-6603-42F3-9276-CD9AEA3F5829}.Debug|Any CPU.ActiveCfg = Debug|Any CPU
		{AE70B80E-6603-42F3-9276-CD9AEA3F5829}.Debug|Any CPU.Build.0 = Debug|Any CPU
		{AE70B80E-6603-42F3-9276-CD9AEA3F5829}.Release|Any CPU.ActiveCfg = Release|Any CPU
		{AE70B80E-6603-42F3-9276-CD9AEA3F5829}.Release|Any CPU.Build.0 = Release|Any CPU
		{46C40AD1-DA46-43B5-B6B9-84D46F4DA64F}.Debug|Any CPU.ActiveCfg = Debug|Any CPU
		{46C40AD1-DA46-43B5-B6B9-84D46F4DA64F}.Debug|Any CPU.Build.0 = Debug|Any CPU
		{46C40AD1-DA46-43B5-B6B9-84D46F4DA64F}.Release|Any CPU.ActiveCfg = Release|Any CPU
		{46C40AD1-DA46-43B5-B6B9-84D46F4DA64F}.Release|Any CPU.Build.0 = Release|Any CPU
		{3DC52916-4725-4682-8876-D4720EEE3315}.Debug|Any CPU.ActiveCfg = Debug|Any CPU
		{3DC52916-4725-4682-8876-D4720EEE3315}.Debug|Any CPU.Build.0 = Debug|Any CPU
		{3DC52916-4725-4682-8876-D4720EEE3315}.Release|Any CPU.ActiveCfg = Release|Any CPU
		{3DC52916-4725-4682-8876-D4720EEE3315}.Release|Any CPU.Build.0 = Release|Any CPU
		{0CA56B5F-4E69-4EEF-8C6A-0522FA498E80}.Debug|Any CPU.ActiveCfg = Debug|Any CPU
		{0CA56B5F-4E69-4EEF-8C6A-0522FA498E80}.Debug|Any CPU.Build.0 = Debug|Any CPU
		{0CA56B5F-4E69-4EEF-8C6A-0522FA498E80}.Release|Any CPU.ActiveCfg = Release|Any CPU
		{0CA56B5F-4E69-4EEF-8C6A-0522FA498E80}.Release|Any CPU.Build.0 = Release|Any CPU
		{1B02B99F-1231-4D6B-9C01-2A4272E7C5F0}.Debug|Any CPU.ActiveCfg = Debug|Any CPU
		{1B02B99F-1231-4D6B-9C01-2A4272E7C5F0}.Debug|Any CPU.Build.0 = Debug|Any CPU
		{1B02B99F-1231-4D6B-9C01-2A4272E7C5F0}.Release|Any CPU.ActiveCfg = Release|Any CPU
		{1B02B99F-1231-4D6B-9C01-2A4272E7C5F0}.Release|Any CPU.Build.0 = Release|Any CPU
		{4A97BDAE-78EA-409D-B42C-3D1BCD8989FE}.Debug|Any CPU.ActiveCfg = Debug|Any CPU
		{4A97BDAE-78EA-409D-B42C-3D1BCD8989FE}.Debug|Any CPU.Build.0 = Debug|Any CPU
		{4A97BDAE-78EA-409D-B42C-3D1BCD8989FE}.Release|Any CPU.ActiveCfg = Release|Any CPU
		{4A97BDAE-78EA-409D-B42C-3D1BCD8989FE}.Release|Any CPU.Build.0 = Release|Any CPU
		{77988B64-D396-49DF-BE6C-DFFD695730FB}.Debug|Any CPU.ActiveCfg = Debug|Any CPU
		{77988B64-D396-49DF-BE6C-DFFD695730FB}.Debug|Any CPU.Build.0 = Debug|Any CPU
		{77988B64-D396-49DF-BE6C-DFFD695730FB}.Release|Any CPU.ActiveCfg = Release|Any CPU
		{77988B64-D396-49DF-BE6C-DFFD695730FB}.Release|Any CPU.Build.0 = Release|Any CPU
		{3DA3488D-F4BF-44B7-BEC3-6F95152FE99D}.Debug|Any CPU.ActiveCfg = Debug|Any CPU
		{3DA3488D-F4BF-44B7-BEC3-6F95152FE99D}.Debug|Any CPU.Build.0 = Debug|Any CPU
		{3DA3488D-F4BF-44B7-BEC3-6F95152FE99D}.Release|Any CPU.ActiveCfg = Release|Any CPU
		{3DA3488D-F4BF-44B7-BEC3-6F95152FE99D}.Release|Any CPU.Build.0 = Release|Any CPU
		{E0386A1F-56F4-407A-BA1D-02CE2BB8E404}.Debug|Any CPU.ActiveCfg = Debug|Any CPU
		{E0386A1F-56F4-407A-BA1D-02CE2BB8E404}.Debug|Any CPU.Build.0 = Debug|Any CPU
		{E0386A1F-56F4-407A-BA1D-02CE2BB8E404}.Release|Any CPU.ActiveCfg = Release|Any CPU
		{E0386A1F-56F4-407A-BA1D-02CE2BB8E404}.Release|Any CPU.Build.0 = Release|Any CPU
		{EF9907EF-A0DD-40B7-8A29-006C8FE2CA95}.Debug|Any CPU.ActiveCfg = Debug|Any CPU
		{EF9907EF-A0DD-40B7-8A29-006C8FE2CA95}.Debug|Any CPU.Build.0 = Debug|Any CPU
		{EF9907EF-A0DD-40B7-8A29-006C8FE2CA95}.Release|Any CPU.ActiveCfg = Release|Any CPU
		{EF9907EF-A0DD-40B7-8A29-006C8FE2CA95}.Release|Any CPU.Build.0 = Release|Any CPU
		{9B4FF844-4FD7-45F4-B21A-A3AF766ABA50}.Debug|Any CPU.ActiveCfg = Debug|Any CPU
		{9B4FF844-4FD7-45F4-B21A-A3AF766ABA50}.Debug|Any CPU.Build.0 = Debug|Any CPU
		{9B4FF844-4FD7-45F4-B21A-A3AF766ABA50}.Release|Any CPU.ActiveCfg = Release|Any CPU
		{9B4FF844-4FD7-45F4-B21A-A3AF766ABA50}.Release|Any CPU.Build.0 = Release|Any CPU
		{4CD57098-F0DE-4F1E-97F5-F888D1E50E3C}.Debug|Any CPU.ActiveCfg = Debug|Any CPU
		{4CD57098-F0DE-4F1E-97F5-F888D1E50E3C}.Debug|Any CPU.Build.0 = Debug|Any CPU
		{4CD57098-F0DE-4F1E-97F5-F888D1E50E3C}.Release|Any CPU.ActiveCfg = Release|Any CPU
		{4CD57098-F0DE-4F1E-97F5-F888D1E50E3C}.Release|Any CPU.Build.0 = Release|Any CPU
		{605EB37A-BCD0-432B-9879-EB1AAB812D12}.Debug|Any CPU.ActiveCfg = Debug|Any CPU
		{605EB37A-BCD0-432B-9879-EB1AAB812D12}.Debug|Any CPU.Build.0 = Debug|Any CPU
		{605EB37A-BCD0-432B-9879-EB1AAB812D12}.Release|Any CPU.ActiveCfg = Release|Any CPU
		{605EB37A-BCD0-432B-9879-EB1AAB812D12}.Release|Any CPU.Build.0 = Release|Any CPU
		{419BFDAC-53A5-44C0-A0AA-0DF0198AA764}.Debug|Any CPU.ActiveCfg = Debug|Any CPU
		{419BFDAC-53A5-44C0-A0AA-0DF0198AA764}.Debug|Any CPU.Build.0 = Debug|Any CPU
		{419BFDAC-53A5-44C0-A0AA-0DF0198AA764}.Release|Any CPU.ActiveCfg = Release|Any CPU
		{419BFDAC-53A5-44C0-A0AA-0DF0198AA764}.Release|Any CPU.Build.0 = Release|Any CPU
	EndGlobalSection
	GlobalSection(SolutionProperties) = preSolution
		HideSolutionNode = FALSE
	EndGlobalSection
	GlobalSection(NestedProjects) = preSolution
		{DB1EB131-5965-43BF-885A-C901673C1A15} = {02EA681E-C7D8-13C7-8484-4AC65E1B71E8}
		{ABC1E4A1-D2B0-4BF9-AFC0-9A960027ABCF} = {02EA681E-C7D8-13C7-8484-4AC65E1B71E8}
		{8B7E2B1E-43B9-49E6-802B-89167A25E6B9} = {02EA681E-C7D8-13C7-8484-4AC65E1B71E8}
		{BD8AF3B1-B6A7-4586-9E68-01433888589D} = {02EA681E-C7D8-13C7-8484-4AC65E1B71E8}
		{99CE70B8-BDBE-4638-ACA7-1F99C56EA646} = {02EA681E-C7D8-13C7-8484-4AC65E1B71E8}
		{CDC90C6B-E112-41EA-A349-2FE4A9A674B4} = {02EA681E-C7D8-13C7-8484-4AC65E1B71E8}
		{6C7A87E9-A553-4B2C-A956-7FBC96AF68BB} = {02EA681E-C7D8-13C7-8484-4AC65E1B71E8}
		{934D0119-1269-4798-AD16-4F2EC8166543} = {02EA681E-C7D8-13C7-8484-4AC65E1B71E8}
		{A776FC46-1D5D-45D7-AF50-5DBAA1BEA340} = {02EA681E-C7D8-13C7-8484-4AC65E1B71E8}
		{91D29208-01E5-4449-A52D-AA6B39DDBD3A} = {02EA681E-C7D8-13C7-8484-4AC65E1B71E8}
		{0C5233A3-7B58-4E4F-B4D5-77269ECBCC36} = {02EA681E-C7D8-13C7-8484-4AC65E1B71E8}
		{DA4A2F9E-746C-46A8-9588-1A17428AA2F0} = {02EA681E-C7D8-13C7-8484-4AC65E1B71E8}
		{F17D1E7C-14E0-4F05-AAEC-0C99035CE212} = {02EA681E-C7D8-13C7-8484-4AC65E1B71E8}
		{C123D6DB-958D-45E6-8D9F-BA50E47EAFA9} = {02EA681E-C7D8-13C7-8484-4AC65E1B71E8}
		{EC5A0A86-74B1-4AE3-B327-AA831D3FFD21} = {02EA681E-C7D8-13C7-8484-4AC65E1B71E8}
		{DC53E642-95D1-4F7B-8D55-8ED00616CD57} = {02EA681E-C7D8-13C7-8484-4AC65E1B71E8}
		{042EDEFB-4D83-43D2-8F0E-EC8B0910879E} = {02EA681E-C7D8-13C7-8484-4AC65E1B71E8}
		{AE70B80E-6603-42F3-9276-CD9AEA3F5829} = {02EA681E-C7D8-13C7-8484-4AC65E1B71E8}
		{46C40AD1-DA46-43B5-B6B9-84D46F4DA64F} = {02EA681E-C7D8-13C7-8484-4AC65E1B71E8}
		{3DC52916-4725-4682-8876-D4720EEE3315} = {02EA681E-C7D8-13C7-8484-4AC65E1B71E8}
		{0CA56B5F-4E69-4EEF-8C6A-0522FA498E80} = {02EA681E-C7D8-13C7-8484-4AC65E1B71E8}
		{1B02B99F-1231-4D6B-9C01-2A4272E7C5F0} = {02EA681E-C7D8-13C7-8484-4AC65E1B71E8}
		{4A97BDAE-78EA-409D-B42C-3D1BCD8989FE} = {02EA681E-C7D8-13C7-8484-4AC65E1B71E8}
		{77988B64-D396-49DF-BE6C-DFFD695730FB} = {02EA681E-C7D8-13C7-8484-4AC65E1B71E8}
		{3DA3488D-F4BF-44B7-BEC3-6F95152FE99D} = {02EA681E-C7D8-13C7-8484-4AC65E1B71E8}
		{E0386A1F-56F4-407A-BA1D-02CE2BB8E404} = {02EA681E-C7D8-13C7-8484-4AC65E1B71E8}
		{EF9907EF-A0DD-40B7-8A29-006C8FE2CA95} = {02EA681E-C7D8-13C7-8484-4AC65E1B71E8}
		{9B4FF844-4FD7-45F4-B21A-A3AF766ABA50} = {02EA681E-C7D8-13C7-8484-4AC65E1B71E8}
		{4CD57098-F0DE-4F1E-97F5-F888D1E50E3C} = {02EA681E-C7D8-13C7-8484-4AC65E1B71E8}
		{605EB37A-BCD0-432B-9879-EB1AAB812D12} = {02EA681E-C7D8-13C7-8484-4AC65E1B71E8}
		{419BFDAC-53A5-44C0-A0AA-0DF0198AA764} = {AE79AE8C-1BF9-4852-981E-D982B8601CD8}
	EndGlobalSection
	GlobalSection(ExtensibilityGlobals) = postSolution
		SolutionGuid = {E87C3104-0B62-4876-A340-72D291946069}
	EndGlobalSection
EndGlobal
